
Microsoft Visual Studio Solution File, Format Version 12.00
# Visual Studio 15
VisualStudioVersion = 15.0.28307.168
MinimumVisualStudioVersion = 10.0.40219.1
Project("{FAE04EC0-301F-11D3-BF4B-00C04F79EFBC}") = "BitCounter", "BitCounter\BitCounter.csproj", "{C3FE466A-5C25-4A7B-8B43-354970C395FD}"
EndProject
Global
	GlobalSection(SolutionConfigurationPlatforms) = preSolution
		Debug|Any CPU = Debug|Any CPU
		Release|Any CPU = Release|Any CPU
	EndGlobalSection
	GlobalSection(ProjectConfigurationPlatforms) = postSolution
		{C3FE466A-5C25-4A7B-8B43-354970C395FD}.Debug|Any CPU.ActiveCfg = Debug|Any CPU
		{C3FE466A-5C25-4A7B-8B43-354970C395FD}.Debug|Any CPU.Build.0 = Debug|Any CPU
		{C3FE466A-5C25-4A7B-8B43-354970C395FD}.Release|Any CPU.ActiveCfg = Release|Any CPU
		{C3FE466A-5C25-4A7B-8B43-354970C395FD}.Release|Any CPU.Build.0 = Release|Any CPU
	EndGlobalSection
	GlobalSection(SolutionProperties) = preSolution
		HideSolutionNode = FALSE
	EndGlobalSection
	GlobalSection(ExtensibilityGlobals) = postSolution
		SolutionGuid = {8082C4FF-1E5C-486D-802A-E9C19B245DB6}
	EndGlobalSection
EndGlobal
